
Microsoft Visual Studio Solution File, Format Version 12.00
# Visual Studio Version 17
VisualStudioVersion = 17.4.33103.184
MinimumVisualStudioVersion = 10.0.40219.1
Project("{8BC9CEB8-8B4A-11D0-8D11-00A0C91BC942}") = "Increasing_variables_with_the_if_statement", "Increasing_variables_with_the_if_statement\Increasing_variables_with_the_if_statement.vcxproj", "{9BB35E89-0D6E-4523-A03C-760636983FCC}"
EndProject
Global
	GlobalSection(SolutionConfigurationPlatforms) = preSolution
		Debug|x64 = Debug|x64
		Debug|x86 = Debug|x86
		Release|x64 = Release|x64
		Release|x86 = Release|x86
	EndGlobalSection
	GlobalSection(ProjectConfigurationPlatforms) = postSolution
		{9BB35E89-0D6E-4523-A03C-760636983FCC}.Debug|x64.ActiveCfg = Debug|x64
		{9BB35E89-0D6E-4523-A03C-760636983FCC}.Debug|x64.Build.0 = Debug|x64
		{9BB35E89-0D6E-4523-A03C-760636983FCC}.Debug|x86.ActiveCfg = Debug|Win32
		{9BB35E89-0D6E-4523-A03C-760636983FCC}.Debug|x86.Build.0 = Debug|Win32
		{9BB35E89-0D6E-4523-A03C-760636983FCC}.Release|x64.ActiveCfg = Release|x64
		{9BB35E89-0D6E-4523-A03C-760636983FCC}.Release|x64.Build.0 = Release|x64
		{9BB35E89-0D6E-4523-A03C-760636983FCC}.Release|x86.ActiveCfg = Release|Win32
		{9BB35E89-0D6E-4523-A03C-760636983FCC}.Release|x86.Build.0 = Release|Win32
	EndGlobalSection
	GlobalSection(SolutionProperties) = preSolution
		HideSolutionNode = FALSE
	EndGlobalSection
	GlobalSection(ExtensibilityGlobals) = postSolution
		SolutionGuid = {9877579D-9349-4CA5-95DE-74D9375AA83C}
	EndGlobalSection
EndGlobal
